
Microsoft Visual Studio Solution File, Format Version 12.00
# Visual Studio Version 17
VisualStudioVersion = 17.13.35806.99
MinimumVisualStudioVersion = 10.0.40219.1
Project("{FAE04EC0-301F-11D3-BF4B-00C04F79EFBC}") = "CSharpCourse", "CSharpCourse\CSharpCourse.csproj", "{2A0E5D6F-C2AC-4DF0-AC0C-9FFDBF8A7B08}"
EndProject
Project("{FAE04EC0-301F-11D3-BF4B-00C04F79EFBC}") = "Calculator_Assignment", "Calculator_Assignment\Calculator_Assignment.csproj", "{3DF3A586-A4E3-43C4-B209-0CB547704930}"
EndProject
Project("{FAE04EC0-301F-11D3-BF4B-00C04F79EFBC}") = "TODO_List_Assignment", "TODO_List_Assignment\TODO_List_Assignment.csproj", "{27118248-88CF-4F40-AF79-CF3B49CF719D}"
EndProject
Project("{FAE04EC0-301F-11D3-BF4B-00C04F79EFBC}") = "Understanding_OOP", "Understanding_OOP\Understanding_OOP.csproj", "{05ECF16D-8C3E-4BEF-8544-6DE1804E0541}"
EndProject
Project("{FAE04EC0-301F-11D3-BF4B-00C04F79EFBC}") = "Rectangles", "Rectangles\Rectangles.csproj", "{90034017-3ABF-4F05-AECC-19A72F5E4618}"
EndProject
Project("{FAE04EC0-301F-11D3-BF4B-00C04F79EFBC}") = "Object_Initializers", "Object_Initializers\Object_Initializers.csproj", "{9DF06DE3-B18F-4D05-B013-6849436239AB}"
EndProject
Project("{FAE04EC0-301F-11D3-BF4B-00C04F79EFBC}") = "Names_SingleResponsibilityPrinciple", "Names_SingleResponsibilityPrinciple\Names_SingleResponsibilityPrinciple.csproj", "{5672DE79-CAA5-4784-988F-743339DF05E5}"
EndProject
Project("{FAE04EC0-301F-11D3-BF4B-00C04F79EFBC}") = "DiceRollGame_Assignment", "DiceRollGame_Assignment\DiceRollGame_Assignment.csproj", "{567D3D7F-645A-4EB3-8036-188436CCF819}"
EndProject
Project("{FAE04EC0-301F-11D3-BF4B-00C04F79EFBC}") = "Polymorphism", "Polymorphism\Polymorphism.csproj", "{5242DCD4-8949-45D8-9C08-99C8D626A341}"
EndProject
Project("{FAE04EC0-301F-11D3-BF4B-00C04F79EFBC}") = "Virtual_Methods", "Virtual_Methods\Virtual_Methods.csproj", "{FA7BAD56-5869-48A7-B999-794B30802C11}"
EndProject
Global
	GlobalSection(SolutionConfigurationPlatforms) = preSolution
		Debug|Any CPU = Debug|Any CPU
		Release|Any CPU = Release|Any CPU
	EndGlobalSection
	GlobalSection(ProjectConfigurationPlatforms) = postSolution
		{2A0E5D6F-C2AC-4DF0-AC0C-9FFDBF8A7B08}.Debug|Any CPU.ActiveCfg = Debug|Any CPU
		{2A0E5D6F-C2AC-4DF0-AC0C-9FFDBF8A7B08}.Debug|Any CPU.Build.0 = Debug|Any CPU
		{2A0E5D6F-C2AC-4DF0-AC0C-9FFDBF8A7B08}.Release|Any CPU.ActiveCfg = Release|Any CPU
		{2A0E5D6F-C2AC-4DF0-AC0C-9FFDBF8A7B08}.Release|Any CPU.Build.0 = Release|Any CPU
		{3DF3A586-A4E3-43C4-B209-0CB547704930}.Debug|Any CPU.ActiveCfg = Debug|Any CPU
		{3DF3A586-A4E3-43C4-B209-0CB547704930}.Debug|Any CPU.Build.0 = Debug|Any CPU
		{3DF3A586-A4E3-43C4-B209-0CB547704930}.Release|Any CPU.ActiveCfg = Release|Any CPU
		{3DF3A586-A4E3-43C4-B209-0CB547704930}.Release|Any CPU.Build.0 = Release|Any CPU
		{27118248-88CF-4F40-AF79-CF3B49CF719D}.Debug|Any CPU.ActiveCfg = Debug|Any CPU
		{27118248-88CF-4F40-AF79-CF3B49CF719D}.Debug|Any CPU.Build.0 = Debug|Any CPU
		{27118248-88CF-4F40-AF79-CF3B49CF719D}.Release|Any CPU.ActiveCfg = Release|Any CPU
		{27118248-88CF-4F40-AF79-CF3B49CF719D}.Release|Any CPU.Build.0 = Release|Any CPU
		{05ECF16D-8C3E-4BEF-8544-6DE1804E0541}.Debug|Any CPU.ActiveCfg = Debug|Any CPU
		{05ECF16D-8C3E-4BEF-8544-6DE1804E0541}.Debug|Any CPU.Build.0 = Debug|Any CPU
		{05ECF16D-8C3E-4BEF-8544-6DE1804E0541}.Release|Any CPU.ActiveCfg = Release|Any CPU
		{05ECF16D-8C3E-4BEF-8544-6DE1804E0541}.Release|Any CPU.Build.0 = Release|Any CPU
		{90034017-3ABF-4F05-AECC-19A72F5E4618}.Debug|Any CPU.ActiveCfg = Debug|Any CPU
		{90034017-3ABF-4F05-AECC-19A72F5E4618}.Debug|Any CPU.Build.0 = Debug|Any CPU
		{90034017-3ABF-4F05-AECC-19A72F5E4618}.Release|Any CPU.ActiveCfg = Release|Any CPU
		{90034017-3ABF-4F05-AECC-19A72F5E4618}.Release|Any CPU.Build.0 = Release|Any CPU
		{9DF06DE3-B18F-4D05-B013-6849436239AB}.Debug|Any CPU.ActiveCfg = Debug|Any CPU
		{9DF06DE3-B18F-4D05-B013-6849436239AB}.Debug|Any CPU.Build.0 = Debug|Any CPU
		{9DF06DE3-B18F-4D05-B013-6849436239AB}.Release|Any CPU.ActiveCfg = Release|Any CPU
		{9DF06DE3-B18F-4D05-B013-6849436239AB}.Release|Any CPU.Build.0 = Release|Any CPU
		{5672DE79-CAA5-4784-988F-743339DF05E5}.Debug|Any CPU.ActiveCfg = Debug|Any CPU
		{5672DE79-CAA5-4784-988F-743339DF05E5}.Debug|Any CPU.Build.0 = Debug|Any CPU
		{5672DE79-CAA5-4784-988F-743339DF05E5}.Release|Any CPU.ActiveCfg = Release|Any CPU
		{5672DE79-CAA5-4784-988F-743339DF05E5}.Release|Any CPU.Build.0 = Release|Any CPU
		{567D3D7F-645A-4EB3-8036-188436CCF819}.Debug|Any CPU.ActiveCfg = Debug|Any CPU
		{567D3D7F-645A-4EB3-8036-188436CCF819}.Debug|Any CPU.Build.0 = Debug|Any CPU
		{567D3D7F-645A-4EB3-8036-188436CCF819}.Release|Any CPU.ActiveCfg = Release|Any CPU
		{567D3D7F-645A-4EB3-8036-188436CCF819}.Release|Any CPU.Build.0 = Release|Any CPU
		{5242DCD4-8949-45D8-9C08-99C8D626A341}.Debug|Any CPU.ActiveCfg = Debug|Any CPU
		{5242DCD4-8949-45D8-9C08-99C8D626A341}.Debug|Any CPU.Build.0 = Debug|Any CPU
		{5242DCD4-8949-45D8-9C08-99C8D626A341}.Release|Any CPU.ActiveCfg = Release|Any CPU
		{5242DCD4-8949-45D8-9C08-99C8D626A341}.Release|Any CPU.Build.0 = Release|Any CPU
		{FA7BAD56-5869-48A7-B999-794B30802C11}.Debug|Any CPU.ActiveCfg = Debug|Any CPU
		{FA7BAD56-5869-48A7-B999-794B30802C11}.Debug|Any CPU.Build.0 = Debug|Any CPU
		{FA7BAD56-5869-48A7-B999-794B30802C11}.Release|Any CPU.ActiveCfg = Release|Any CPU
		{FA7BAD56-5869-48A7-B999-794B30802C11}.Release|Any CPU.Build.0 = Release|Any CPU
	EndGlobalSection
	GlobalSection(SolutionProperties) = preSolution
		HideSolutionNode = FALSE
	EndGlobalSection
	GlobalSection(ExtensibilityGlobals) = postSolution
		SolutionGuid = {3126C0FB-3AF7-46DA-819F-20A6919BD16B}
	EndGlobalSection
EndGlobal
